
Microsoft Visual Studio Solution File, Format Version 12.00
# Visual Studio Version 17
VisualStudioVersion = 17.14.36212.18
MinimumVisualStudioVersion = 10.0.40219.1
Project("{FAE04EC0-301F-11D3-BF4B-00C04F79EFBC}") = "34_текущее время, год", "34_текущее время, год\34_текущее время, год.csproj", "{CE89A853-2CA3-46F3-9017-6752E3CDC367}"
EndProject
Project("{FAE04EC0-301F-11D3-BF4B-00C04F79EFBC}") = "размер формы -10 процентов", "размер формы -10 процентов\размер формы -10 процентов.csproj", "{055D8E41-ACAF-4858-A1D3-74E7B76CAD8C}"
EndProject
Project("{FAE04EC0-301F-11D3-BF4B-00C04F79EFBC}") = "с листбокса1 в листбокс2", "с листбокса1 в листбокс2\с листбокса1 в листбокс2.csproj", "{CBEFDC2B-E4ED-4603-A42C-2F3105C0E762}"
EndProject
Project("{FAE04EC0-301F-11D3-BF4B-00C04F79EFBC}") = "смена позиции окна по пкм", "смена позиции окна по пкм\смена позиции окна по пкм.csproj", "{DE0795E4-B553-4A71-A277-479FA670F727}"
EndProject
Project("{FAE04EC0-301F-11D3-BF4B-00C04F79EFBC}") = "три кнопки1", "три кнопки1\три кнопки1.csproj", "{8B793CA3-C854-4D40-BDAD-CC9F4F671608}"
EndProject
Project("{FAE04EC0-301F-11D3-BF4B-00C04F79EFBC}") = "укадай букву", "укадай букву\укадай букву.csproj", "{0FB34230-C094-44BD-8FE4-7055BC8E3BD3}"
EndProject
Project("{FAE04EC0-301F-11D3-BF4B-00C04F79EFBC}") = "ффакториал", "ффакториал\ффакториал.csproj", "{2D9B3EAA-D706-4436-B303-C55E581EE34F}"
EndProject
Project("{FAE04EC0-301F-11D3-BF4B-00C04F79EFBC}") = "цифры в верх, буквы в низ", "цифры в верх, буквы в низ\цифры в верх, буквы в низ.csproj", "{EFC51015-0371-4606-844D-7D61912932A1}"
EndProject
Project("{FAE04EC0-301F-11D3-BF4B-00C04F79EFBC}") = "datetimepicker", "datetimepicker\datetimepicker.csproj", "{48209248-7C8A-4903-BE2A-BB1D2015A1E8}"
EndProject
Project("{FAE04EC0-301F-11D3-BF4B-00C04F79EFBC}") = "бомба(таймер)", "бомба(таймер)\бомба(таймер).csproj", "{CBDCAD06-0F92-4844-B9A4-E839C30DE4FA}"
EndProject
Project("{FAE04EC0-301F-11D3-BF4B-00C04F79EFBC}") = "делит дисциплины и курсор", "делит дисциплины и курсор\делит дисциплины и курсор.csproj", "{9B00F7B0-8BB5-4256-A9EA-DE812A769D91}"
EndProject
Project("{FAE04EC0-301F-11D3-BF4B-00C04F79EFBC}") = "добавление букв", "добавление букв\добавление букв.csproj", "{005F0661-704D-49DA-ACC1-DF90CECFDEC6}"
EndProject
Project("{FAE04EC0-301F-11D3-BF4B-00C04F79EFBC}") = "из текста в лист", "из текста в лист\из текста в лист.csproj", "{6F5A662C-DDED-4044-96A5-675883B2E506}"
EndProject
Project("{FAE04EC0-301F-11D3-BF4B-00C04F79EFBC}") = "казино букв", "казино букв\казино букв.csproj", "{16F4B644-81ED-4DCB-A42C-730048AB1CBA}"
EndProject
Project("{FAE04EC0-301F-11D3-BF4B-00C04F79EFBC}") = "картинки по значению", "картинки по значению\картинки по значению.csproj", "{AAB5FC26-E0AD-4784-B497-FFA44970F609}"
EndProject
Project("{FAE04EC0-301F-11D3-BF4B-00C04F79EFBC}") = "клик дата", "клик дата\клик дата.csproj", "{ACC71DBF-B0DA-4D4E-93C5-32269080695F}"
EndProject
Project("{FAE04EC0-301F-11D3-BF4B-00C04F79EFBC}") = "кратинки пересоздать", "кратинки пересоздать\кратинки пересоздать.csproj", "{04B1EF00-83A1-4E8C-89E3-2AD102C7A683}"
EndProject
Project("{FAE04EC0-301F-11D3-BF4B-00C04F79EFBC}") = "линкью", "линкью\линкью.csproj", "{FAADD62A-0CAD-43AE-9A0F-B679EF91DCFE}"
EndProject
Project("{FAE04EC0-301F-11D3-BF4B-00C04F79EFBC}") = "между формами данные гоняем", "между формами данные гоняем\между формами данные гоняем.csproj", "{0508E1CB-952D-4505-AEF3-97E4FC6DF1C2}"
EndProject
Project("{FAE04EC0-301F-11D3-BF4B-00C04F79EFBC}") = "менюшка", "менюшка\менюшка.csproj", "{9E485AD5-EC23-441A-8B89-07F7A31DA998}"
EndProject
Project("{FAE04EC0-301F-11D3-BF4B-00C04F79EFBC}") = "отк макс клик меньше", "отк макс клик меньше\отк макс клик меньше.csproj", "{1A7D11BF-4AAB-49D2-A607-6CED208F8DD6}"
EndProject
Project("{FAE04EC0-301F-11D3-BF4B-00C04F79EFBC}") = "пароль", "пароль\пароль.csproj", "{0C8C55B3-7D3C-4498-A9C4-6CD0031D5AE2}"
EndProject
Project("{FAE04EC0-301F-11D3-BF4B-00C04F79EFBC}") = "разность трекбаров", "разность трекбаров\разность трекбаров.csproj", "{9230DBB2-0C79-4264-8F32-FCB6A36D80D3}"
EndProject
Project("{FAE04EC0-301F-11D3-BF4B-00C04F79EFBC}") = "случайные числа", "случайные числа\случайные числа.csproj", "{0ECA2ED1-E4B0-4EAD-8122-0545516FAC36}"
EndProject
Project("{FAE04EC0-301F-11D3-BF4B-00C04F79EFBC}") = "стиля на окна", "стиля на окна\стиля на окна.csproj", "{E8141AEF-B3C6-43B1-9845-052446AF27EF}"
EndProject
Project("{FAE04EC0-301F-11D3-BF4B-00C04F79EFBC}") = "строку делим на две", "строку делим на две\строку делим на две.csproj", "{37EC695C-DDEA-49CE-BEDF-36BC246AEA92}"
EndProject
Project("{FAE04EC0-301F-11D3-BF4B-00C04F79EFBC}") = "счетчик кликов", "счетчик кликов\счетчик кликов.csproj", "{95BC931A-2F6B-43A2-B0D5-379F12FF04EA}"
EndProject
Project("{FAE04EC0-301F-11D3-BF4B-00C04F79EFBC}") = "тригонометрия проценты, перевод в сс", "тригонометрия проценты, перевод в сс\тригонометрия проценты, перевод в сс.csproj", "{FEB009F8-5F73-4AAB-BF70-459E73E1A7C8}"
EndProject
Project("{FAE04EC0-301F-11D3-BF4B-00C04F79EFBC}") = "факториал выбранных чисел", "факториал выбранных чисел\факториал выбранных чисел.csproj", "{A5D540CA-93B2-4B8D-A211-F5B8163C2384}"
EndProject
Global
	GlobalSection(SolutionConfigurationPlatforms) = preSolution
		Debug|Any CPU = Debug|Any CPU
		Debug|x64 = Debug|x64
		Debug|x86 = Debug|x86
		Release|Any CPU = Release|Any CPU
		Release|x64 = Release|x64
		Release|x86 = Release|x86
	EndGlobalSection
	GlobalSection(ProjectConfigurationPlatforms) = postSolution
		{CE89A853-2CA3-46F3-9017-6752E3CDC367}.Debug|Any CPU.ActiveCfg = Debug|Any CPU
		{CE89A853-2CA3-46F3-9017-6752E3CDC367}.Debug|Any CPU.Build.0 = Debug|Any CPU
		{CE89A853-2CA3-46F3-9017-6752E3CDC367}.Debug|x64.ActiveCfg = Debug|Any CPU
		{CE89A853-2CA3-46F3-9017-6752E3CDC367}.Debug|x64.Build.0 = Debug|Any CPU
		{CE89A853-2CA3-46F3-9017-6752E3CDC367}.Debug|x86.ActiveCfg = Debug|Any CPU
		{CE89A853-2CA3-46F3-9017-6752E3CDC367}.Debug|x86.Build.0 = Debug|Any CPU
		{CE89A853-2CA3-46F3-9017-6752E3CDC367}.Release|Any CPU.ActiveCfg = Release|Any CPU
		{CE89A853-2CA3-46F3-9017-6752E3CDC367}.Release|Any CPU.Build.0 = Release|Any CPU
		{CE89A853-2CA3-46F3-9017-6752E3CDC367}.Release|x64.ActiveCfg = Release|Any CPU
		{CE89A853-2CA3-46F3-9017-6752E3CDC367}.Release|x64.Build.0 = Release|Any CPU
		{CE89A853-2CA3-46F3-9017-6752E3CDC367}.Release|x86.ActiveCfg = Release|Any CPU
		{CE89A853-2CA3-46F3-9017-6752E3CDC367}.Release|x86.Build.0 = Release|Any CPU
		{055D8E41-ACAF-4858-A1D3-74E7B76CAD8C}.Debug|Any CPU.ActiveCfg = Debug|Any CPU
		{055D8E41-ACAF-4858-A1D3-74E7B76CAD8C}.Debug|Any CPU.Build.0 = Debug|Any CPU
		{055D8E41-ACAF-4858-A1D3-74E7B76CAD8C}.Debug|x64.ActiveCfg = Debug|Any CPU
		{055D8E41-ACAF-4858-A1D3-74E7B76CAD8C}.Debug|x64.Build.0 = Debug|Any CPU
		{055D8E41-ACAF-4858-A1D3-74E7B76CAD8C}.Debug|x86.ActiveCfg = Debug|Any CPU
		{055D8E41-ACAF-4858-A1D3-74E7B76CAD8C}.Debug|x86.Build.0 = Debug|Any CPU
		{055D8E41-ACAF-4858-A1D3-74E7B76CAD8C}.Release|Any CPU.ActiveCfg = Release|Any CPU
		{055D8E41-ACAF-4858-A1D3-74E7B76CAD8C}.Release|Any CPU.Build.0 = Release|Any CPU
		{055D8E41-ACAF-4858-A1D3-74E7B76CAD8C}.Release|x64.ActiveCfg = Release|Any CPU
		{055D8E41-ACAF-4858-A1D3-74E7B76CAD8C}.Release|x64.Build.0 = Release|Any CPU
		{055D8E41-ACAF-4858-A1D3-74E7B76CAD8C}.Release|x86.ActiveCfg = Release|Any CPU
		{055D8E41-ACAF-4858-A1D3-74E7B76CAD8C}.Release|x86.Build.0 = Release|Any CPU
		{CBEFDC2B-E4ED-4603-A42C-2F3105C0E762}.Debug|Any CPU.ActiveCfg = Debug|Any CPU
		{CBEFDC2B-E4ED-4603-A42C-2F3105C0E762}.Debug|Any CPU.Build.0 = Debug|Any CPU
		{CBEFDC2B-E4ED-4603-A42C-2F3105C0E762}.Debug|x64.ActiveCfg = Debug|Any CPU
		{CBEFDC2B-E4ED-4603-A42C-2F3105C0E762}.Debug|x64.Build.0 = Debug|Any CPU
		{CBEFDC2B-E4ED-4603-A42C-2F3105C0E762}.Debug|x86.ActiveCfg = Debug|Any CPU
		{CBEFDC2B-E4ED-4603-A42C-2F3105C0E762}.Debug|x86.Build.0 = Debug|Any CPU
		{CBEFDC2B-E4ED-4603-A42C-2F3105C0E762}.Release|Any CPU.ActiveCfg = Release|Any CPU
		{CBEFDC2B-E4ED-4603-A42C-2F3105C0E762}.Release|Any CPU.Build.0 = Release|Any CPU
		{CBEFDC2B-E4ED-4603-A42C-2F3105C0E762}.Release|x64.ActiveCfg = Release|Any CPU
		{CBEFDC2B-E4ED-4603-A42C-2F3105C0E762}.Release|x64.Build.0 = Release|Any CPU
		{CBEFDC2B-E4ED-4603-A42C-2F3105C0E762}.Release|x86.ActiveCfg = Release|Any CPU
		{CBEFDC2B-E4ED-4603-A42C-2F3105C0E762}.Release|x86.Build.0 = Release|Any CPU
		{DE0795E4-B553-4A71-A277-479FA670F727}.Debug|Any CPU.ActiveCfg = Debug|Any CPU
		{DE0795E4-B553-4A71-A277-479FA670F727}.Debug|Any CPU.Build.0 = Debug|Any CPU
		{DE0795E4-B553-4A71-A277-479FA670F727}.Debug|x64.ActiveCfg = Debug|Any CPU
		{DE0795E4-B553-4A71-A277-479FA670F727}.Debug|x64.Build.0 = Debug|Any CPU
		{DE0795E4-B553-4A71-A277-479FA670F727}.Debug|x86.ActiveCfg = Debug|Any CPU
		{DE0795E4-B553-4A71-A277-479FA670F727}.Debug|x86.Build.0 = Debug|Any CPU
		{DE0795E4-B553-4A71-A277-479FA670F727}.Release|Any CPU.ActiveCfg = Release|Any CPU
		{DE0795E4-B553-4A71-A277-479FA670F727}.Release|Any CPU.Build.0 = Release|Any CPU
		{DE0795E4-B553-4A71-A277-479FA670F727}.Release|x64.ActiveCfg = Release|Any CPU
		{DE0795E4-B553-4A71-A277-479FA670F727}.Release|x64.Build.0 = Release|Any CPU
		{DE0795E4-B553-4A71-A277-479FA670F727}.Release|x86.ActiveCfg = Release|Any CPU
		{DE0795E4-B553-4A71-A277-479FA670F727}.Release|x86.Build.0 = Release|Any CPU
		{8B793CA3-C854-4D40-BDAD-CC9F4F671608}.Debug|Any CPU.ActiveCfg = Debug|Any CPU
		{8B793CA3-C854-4D40-BDAD-CC9F4F671608}.Debug|Any CPU.Build.0 = Debug|Any CPU
		{8B793CA3-C854-4D40-BDAD-CC9F4F671608}.Debug|x64.ActiveCfg = Debug|Any CPU
		{8B793CA3-C854-4D40-BDAD-CC9F4F671608}.Debug|x64.Build.0 = Debug|Any CPU
		{8B793CA3-C854-4D40-BDAD-CC9F4F671608}.Debug|x86.ActiveCfg = Debug|Any CPU
		{8B793CA3-C854-4D40-BDAD-CC9F4F671608}.Debug|x86.Build.0 = Debug|Any CPU
		{8B793CA3-C854-4D40-BDAD-CC9F4F671608}.Release|Any CPU.ActiveCfg = Release|Any CPU
		{8B793CA3-C854-4D40-BDAD-CC9F4F671608}.Release|Any CPU.Build.0 = Release|Any CPU
		{8B793CA3-C854-4D40-BDAD-CC9F4F671608}.Release|x64.ActiveCfg = Release|Any CPU
		{8B793CA3-C854-4D40-BDAD-CC9F4F671608}.Release|x64.Build.0 = Release|Any CPU
		{8B793CA3-C854-4D40-BDAD-CC9F4F671608}.Release|x86.ActiveCfg = Release|Any CPU
		{8B793CA3-C854-4D40-BDAD-CC9F4F671608}.Release|x86.Build.0 = Release|Any CPU
		{0FB34230-C094-44BD-8FE4-7055BC8E3BD3}.Debug|Any CPU.ActiveCfg = Debug|Any CPU
		{0FB34230-C094-44BD-8FE4-7055BC8E3BD3}.Debug|Any CPU.Build.0 = Debug|Any CPU
		{0FB34230-C094-44BD-8FE4-7055BC8E3BD3}.Debug|x64.ActiveCfg = Debug|Any CPU
		{0FB34230-C094-44BD-8FE4-7055BC8E3BD3}.Debug|x64.Build.0 = Debug|Any CPU
		{0FB34230-C094-44BD-8FE4-7055BC8E3BD3}.Debug|x86.ActiveCfg = Debug|Any CPU
		{0FB34230-C094-44BD-8FE4-7055BC8E3BD3}.Debug|x86.Build.0 = Debug|Any CPU
		{0FB34230-C094-44BD-8FE4-7055BC8E3BD3}.Release|Any CPU.ActiveCfg = Release|Any CPU
		{0FB34230-C094-44BD-8FE4-7055BC8E3BD3}.Release|Any CPU.Build.0 = Release|Any CPU
		{0FB34230-C094-44BD-8FE4-7055BC8E3BD3}.Release|x64.ActiveCfg = Release|Any CPU
		{0FB34230-C094-44BD-8FE4-7055BC8E3BD3}.Release|x64.Build.0 = Release|Any CPU
		{0FB34230-C094-44BD-8FE4-7055BC8E3BD3}.Release|x86.ActiveCfg = Release|Any CPU
		{0FB34230-C094-44BD-8FE4-7055BC8E3BD3}.Release|x86.Build.0 = Release|Any CPU
		{2D9B3EAA-D706-4436-B303-C55E581EE34F}.Debug|Any CPU.ActiveCfg = Debug|Any CPU
		{2D9B3EAA-D706-4436-B303-C55E581EE34F}.Debug|Any CPU.Build.0 = Debug|Any CPU
		{2D9B3EAA-D706-4436-B303-C55E581EE34F}.Debug|x64.ActiveCfg = Debug|Any CPU
		{2D9B3EAA-D706-4436-B303-C55E581EE34F}.Debug|x64.Build.0 = Debug|Any CPU
		{2D9B3EAA-D706-4436-B303-C55E581EE34F}.Debug|x86.ActiveCfg = Debug|Any CPU
		{2D9B3EAA-D706-4436-B303-C55E581EE34F}.Debug|x86.Build.0 = Debug|Any CPU
		{2D9B3EAA-D706-4436-B303-C55E581EE34F}.Release|Any CPU.ActiveCfg = Release|Any CPU
		{2D9B3EAA-D706-4436-B303-C55E581EE34F}.Release|Any CPU.Build.0 = Release|Any CPU
		{2D9B3EAA-D706-4436-B303-C55E581EE34F}.Release|x64.ActiveCfg = Release|Any CPU
		{2D9B3EAA-D706-4436-B303-C55E581EE34F}.Release|x64.Build.0 = Release|Any CPU
		{2D9B3EAA-D706-4436-B303-C55E581EE34F}.Release|x86.ActiveCfg = Release|Any CPU
		{2D9B3EAA-D706-4436-B303-C55E581EE34F}.Release|x86.Build.0 = Release|Any CPU
		{EFC51015-0371-4606-844D-7D61912932A1}.Debug|Any CPU.ActiveCfg = Debug|Any CPU
		{EFC51015-0371-4606-844D-7D61912932A1}.Debug|Any CPU.Build.0 = Debug|Any CPU
		{EFC51015-0371-4606-844D-7D61912932A1}.Debug|x64.ActiveCfg = Debug|Any CPU
		{EFC51015-0371-4606-844D-7D61912932A1}.Debug|x64.Build.0 = Debug|Any CPU
		{EFC51015-0371-4606-844D-7D61912932A1}.Debug|x86.ActiveCfg = Debug|Any CPU
		{EFC51015-0371-4606-844D-7D61912932A1}.Debug|x86.Build.0 = Debug|Any CPU
		{EFC51015-0371-4606-844D-7D61912932A1}.Release|Any CPU.ActiveCfg = Release|Any CPU
		{EFC51015-0371-4606-844D-7D61912932A1}.Release|Any CPU.Build.0 = Release|Any CPU
		{EFC51015-0371-4606-844D-7D61912932A1}.Release|x64.ActiveCfg = Release|Any CPU
		{EFC51015-0371-4606-844D-7D61912932A1}.Release|x64.Build.0 = Release|Any CPU
		{EFC51015-0371-4606-844D-7D61912932A1}.Release|x86.ActiveCfg = Release|Any CPU
		{EFC51015-0371-4606-844D-7D61912932A1}.Release|x86.Build.0 = Release|Any CPU
		{48209248-7C8A-4903-BE2A-BB1D2015A1E8}.Debug|Any CPU.ActiveCfg = Debug|Any CPU
		{48209248-7C8A-4903-BE2A-BB1D2015A1E8}.Debug|Any CPU.Build.0 = Debug|Any CPU
		{48209248-7C8A-4903-BE2A-BB1D2015A1E8}.Debug|x64.ActiveCfg = Debug|Any CPU
		{48209248-7C8A-4903-BE2A-BB1D2015A1E8}.Debug|x64.Build.0 = Debug|Any CPU
		{48209248-7C8A-4903-BE2A-BB1D2015A1E8}.Debug|x86.ActiveCfg = Debug|Any CPU
		{48209248-7C8A-4903-BE2A-BB1D2015A1E8}.Debug|x86.Build.0 = Debug|Any CPU
		{48209248-7C8A-4903-BE2A-BB1D2015A1E8}.Release|Any CPU.ActiveCfg = Release|Any CPU
		{48209248-7C8A-4903-BE2A-BB1D2015A1E8}.Release|Any CPU.Build.0 = Release|Any CPU
		{48209248-7C8A-4903-BE2A-BB1D2015A1E8}.Release|x64.ActiveCfg = Release|Any CPU
		{48209248-7C8A-4903-BE2A-BB1D2015A1E8}.Release|x64.Build.0 = Release|Any CPU
		{48209248-7C8A-4903-BE2A-BB1D2015A1E8}.Release|x86.ActiveCfg = Release|Any CPU
		{48209248-7C8A-4903-BE2A-BB1D2015A1E8}.Release|x86.Build.0 = Release|Any CPU
		{CBDCAD06-0F92-4844-B9A4-E839C30DE4FA}.Debug|Any CPU.ActiveCfg = Debug|Any CPU
		{CBDCAD06-0F92-4844-B9A4-E839C30DE4FA}.Debug|Any CPU.Build.0 = Debug|Any CPU
		{CBDCAD06-0F92-4844-B9A4-E839C30DE4FA}.Debug|x64.ActiveCfg = Debug|Any CPU
		{CBDCAD06-0F92-4844-B9A4-E839C30DE4FA}.Debug|x64.Build.0 = Debug|Any CPU
		{CBDCAD06-0F92-4844-B9A4-E839C30DE4FA}.Debug|x86.ActiveCfg = Debug|Any CPU
		{CBDCAD06-0F92-4844-B9A4-E839C30DE4FA}.Debug|x86.Build.0 = Debug|Any CPU
		{CBDCAD06-0F92-4844-B9A4-E839C30DE4FA}.Release|Any CPU.ActiveCfg = Release|Any CPU
		{CBDCAD06-0F92-4844-B9A4-E839C30DE4FA}.Release|Any CPU.Build.0 = Release|Any CPU
		{CBDCAD06-0F92-4844-B9A4-E839C30DE4FA}.Release|x64.ActiveCfg = Release|Any CPU
		{CBDCAD06-0F92-4844-B9A4-E839C30DE4FA}.Release|x64.Build.0 = Release|Any CPU
		{CBDCAD06-0F92-4844-B9A4-E839C30DE4FA}.Release|x86.ActiveCfg = Release|Any CPU
		{CBDCAD06-0F92-4844-B9A4-E839C30DE4FA}.Release|x86.Build.0 = Release|Any CPU
		{9B00F7B0-8BB5-4256-A9EA-DE812A769D91}.Debug|Any CPU.ActiveCfg = Debug|Any CPU
		{9B00F7B0-8BB5-4256-A9EA-DE812A769D91}.Debug|Any CPU.Build.0 = Debug|Any CPU
		{9B00F7B0-8BB5-4256-A9EA-DE812A769D91}.Debug|x64.ActiveCfg = Debug|Any CPU
		{9B00F7B0-8BB5-4256-A9EA-DE812A769D91}.Debug|x64.Build.0 = Debug|Any CPU
		{9B00F7B0-8BB5-4256-A9EA-DE812A769D91}.Debug|x86.ActiveCfg = Debug|Any CPU
		{9B00F7B0-8BB5-4256-A9EA-DE812A769D91}.Debug|x86.Build.0 = Debug|Any CPU
		{9B00F7B0-8BB5-4256-A9EA-DE812A769D91}.Release|Any CPU.ActiveCfg = Release|Any CPU
		{9B00F7B0-8BB5-4256-A9EA-DE812A769D91}.Release|Any CPU.Build.0 = Release|Any CPU
		{9B00F7B0-8BB5-4256-A9EA-DE812A769D91}.Release|x64.ActiveCfg = Release|Any CPU
		{9B00F7B0-8BB5-4256-A9EA-DE812A769D91}.Release|x64.Build.0 = Release|Any CPU
		{9B00F7B0-8BB5-4256-A9EA-DE812A769D91}.Release|x86.ActiveCfg = Release|Any CPU
		{9B00F7B0-8BB5-4256-A9EA-DE812A769D91}.Release|x86.Build.0 = Release|Any CPU
		{005F0661-704D-49DA-ACC1-DF90CECFDEC6}.Debug|Any CPU.ActiveCfg = Debug|Any CPU
		{005F0661-704D-49DA-ACC1-DF90CECFDEC6}.Debug|Any CPU.Build.0 = Debug|Any CPU
		{005F0661-704D-49DA-ACC1-DF90CECFDEC6}.Debug|x64.ActiveCfg = Debug|Any CPU
		{005F0661-704D-49DA-ACC1-DF90CECFDEC6}.Debug|x64.Build.0 = Debug|Any CPU
		{005F0661-704D-49DA-ACC1-DF90CECFDEC6}.Debug|x86.ActiveCfg = Debug|Any CPU
		{005F0661-704D-49DA-ACC1-DF90CECFDEC6}.Debug|x86.Build.0 = Debug|Any CPU
		{005F0661-704D-49DA-ACC1-DF90CECFDEC6}.Release|Any CPU.ActiveCfg = Release|Any CPU
		{005F0661-704D-49DA-ACC1-DF90CECFDEC6}.Release|Any CPU.Build.0 = Release|Any CPU
		{005F0661-704D-49DA-ACC1-DF90CECFDEC6}.Release|x64.ActiveCfg = Release|Any CPU
		{005F0661-704D-49DA-ACC1-DF90CECFDEC6}.Release|x64.Build.0 = Release|Any CPU
		{005F0661-704D-49DA-ACC1-DF90CECFDEC6}.Release|x86.ActiveCfg = Release|Any CPU
		{005F0661-704D-49DA-ACC1-DF90CECFDEC6}.Release|x86.Build.0 = Release|Any CPU
		{6F5A662C-DDED-4044-96A5-675883B2E506}.Debug|Any CPU.ActiveCfg = Debug|Any CPU
		{6F5A662C-DDED-4044-96A5-675883B2E506}.Debug|Any CPU.Build.0 = Debug|Any CPU
		{6F5A662C-DDED-4044-96A5-675883B2E506}.Debug|x64.ActiveCfg = Debug|Any CPU
		{6F5A662C-DDED-4044-96A5-675883B2E506}.Debug|x64.Build.0 = Debug|Any CPU
		{6F5A662C-DDED-4044-96A5-675883B2E506}.Debug|x86.ActiveCfg = Debug|Any CPU
		{6F5A662C-DDED-4044-96A5-675883B2E506}.Debug|x86.Build.0 = Debug|Any CPU
		{6F5A662C-DDED-4044-96A5-675883B2E506}.Release|Any CPU.ActiveCfg = Release|Any CPU
		{6F5A662C-DDED-4044-96A5-675883B2E506}.Release|Any CPU.Build.0 = Release|Any CPU
		{6F5A662C-DDED-4044-96A5-675883B2E506}.Release|x64.ActiveCfg = Release|Any CPU
		{6F5A662C-DDED-4044-96A5-675883B2E506}.Release|x64.Build.0 = Release|Any CPU
		{6F5A662C-DDED-4044-96A5-675883B2E506}.Release|x86.ActiveCfg = Release|Any CPU
		{6F5A662C-DDED-4044-96A5-675883B2E506}.Release|x86.Build.0 = Release|Any CPU
		{16F4B644-81ED-4DCB-A42C-730048AB1CBA}.Debug|Any CPU.ActiveCfg = Debug|Any CPU
		{16F4B644-81ED-4DCB-A42C-730048AB1CBA}.Debug|Any CPU.Build.0 = Debug|Any CPU
		{16F4B644-81ED-4DCB-A42C-730048AB1CBA}.Debug|x64.ActiveCfg = Debug|Any CPU
		{16F4B644-81ED-4DCB-A42C-730048AB1CBA}.Debug|x64.Build.0 = Debug|Any CPU
		{16F4B644-81ED-4DCB-A42C-730048AB1CBA}.Debug|x86.ActiveCfg = Debug|Any CPU
		{16F4B644-81ED-4DCB-A42C-730048AB1CBA}.Debug|x86.Build.0 = Debug|Any CPU
		{16F4B644-81ED-4DCB-A42C-730048AB1CBA}.Release|Any CPU.ActiveCfg = Release|Any CPU
		{16F4B644-81ED-4DCB-A42C-730048AB1CBA}.Release|Any CPU.Build.0 = Release|Any CPU
		{16F4B644-81ED-4DCB-A42C-730048AB1CBA}.Release|x64.ActiveCfg = Release|Any CPU
		{16F4B644-81ED-4DCB-A42C-730048AB1CBA}.Release|x64.Build.0 = Release|Any CPU
		{16F4B644-81ED-4DCB-A42C-730048AB1CBA}.Release|x86.ActiveCfg = Release|Any CPU
		{16F4B644-81ED-4DCB-A42C-730048AB1CBA}.Release|x86.Build.0 = Release|Any CPU
		{AAB5FC26-E0AD-4784-B497-FFA44970F609}.Debug|Any CPU.ActiveCfg = Debug|Any CPU
		{AAB5FC26-E0AD-4784-B497-FFA44970F609}.Debug|Any CPU.Build.0 = Debug|Any CPU
		{AAB5FC26-E0AD-4784-B497-FFA44970F609}.Debug|x64.ActiveCfg = Debug|Any CPU
		{AAB5FC26-E0AD-4784-B497-FFA44970F609}.Debug|x64.Build.0 = Debug|Any CPU
		{AAB5FC26-E0AD-4784-B497-FFA44970F609}.Debug|x86.ActiveCfg = Debug|Any CPU
		{AAB5FC26-E0AD-4784-B497-FFA44970F609}.Debug|x86.Build.0 = Debug|Any CPU
		{AAB5FC26-E0AD-4784-B497-FFA44970F609}.Release|Any CPU.ActiveCfg = Release|Any CPU
		{AAB5FC26-E0AD-4784-B497-FFA44970F609}.Release|Any CPU.Build.0 = Release|Any CPU
		{AAB5FC26-E0AD-4784-B497-FFA44970F609}.Release|x64.ActiveCfg = Release|Any CPU
		{AAB5FC26-E0AD-4784-B497-FFA44970F609}.Release|x64.Build.0 = Release|Any CPU
		{AAB5FC26-E0AD-4784-B497-FFA44970F609}.Release|x86.ActiveCfg = Release|Any CPU
		{AAB5FC26-E0AD-4784-B497-FFA44970F609}.Release|x86.Build.0 = Release|Any CPU
		{ACC71DBF-B0DA-4D4E-93C5-32269080695F}.Debug|Any CPU.ActiveCfg = Debug|Any CPU
		{ACC71DBF-B0DA-4D4E-93C5-32269080695F}.Debug|Any CPU.Build.0 = Debug|Any CPU
		{ACC71DBF-B0DA-4D4E-93C5-32269080695F}.Debug|x64.ActiveCfg = Debug|Any CPU
		{ACC71DBF-B0DA-4D4E-93C5-32269080695F}.Debug|x64.Build.0 = Debug|Any CPU
		{ACC71DBF-B0DA-4D4E-93C5-32269080695F}.Debug|x86.ActiveCfg = Debug|Any CPU
		{ACC71DBF-B0DA-4D4E-93C5-32269080695F}.Debug|x86.Build.0 = Debug|Any CPU
		{ACC71DBF-B0DA-4D4E-93C5-32269080695F}.Release|Any CPU.ActiveCfg = Release|Any CPU
		{ACC71DBF-B0DA-4D4E-93C5-32269080695F}.Release|Any CPU.Build.0 = Release|Any CPU
		{ACC71DBF-B0DA-4D4E-93C5-32269080695F}.Release|x64.ActiveCfg = Release|Any CPU
		{ACC71DBF-B0DA-4D4E-93C5-32269080695F}.Release|x64.Build.0 = Release|Any CPU
		{ACC71DBF-B0DA-4D4E-93C5-32269080695F}.Release|x86.ActiveCfg = Release|Any CPU
		{ACC71DBF-B0DA-4D4E-93C5-32269080695F}.Release|x86.Build.0 = Release|Any CPU
		{04B1EF00-83A1-4E8C-89E3-2AD102C7A683}.Debug|Any CPU.ActiveCfg = Debug|Any CPU
		{04B1EF00-83A1-4E8C-89E3-2AD102C7A683}.Debug|Any CPU.Build.0 = Debug|Any CPU
		{04B1EF00-83A1-4E8C-89E3-2AD102C7A683}.Debug|x64.ActiveCfg = Debug|Any CPU
		{04B1EF00-83A1-4E8C-89E3-2AD102C7A683}.Debug|x64.Build.0 = Debug|Any CPU
		{04B1EF00-83A1-4E8C-89E3-2AD102C7A683}.Debug|x86.ActiveCfg = Debug|Any CPU
		{04B1EF00-83A1-4E8C-89E3-2AD102C7A683}.Debug|x86.Build.0 = Debug|Any CPU
		{04B1EF00-83A1-4E8C-89E3-2AD102C7A683}.Release|Any CPU.ActiveCfg = Release|Any CPU
		{04B1EF00-83A1-4E8C-89E3-2AD102C7A683}.Release|Any CPU.Build.0 = Release|Any CPU
		{04B1EF00-83A1-4E8C-89E3-2AD102C7A683}.Release|x64.ActiveCfg = Release|Any CPU
		{04B1EF00-83A1-4E8C-89E3-2AD102C7A683}.Release|x64.Build.0 = Release|Any CPU
		{04B1EF00-83A1-4E8C-89E3-2AD102C7A683}.Release|x86.ActiveCfg = Release|Any CPU
		{04B1EF00-83A1-4E8C-89E3-2AD102C7A683}.Release|x86.Build.0 = Release|Any CPU
		{FAADD62A-0CAD-43AE-9A0F-B679EF91DCFE}.Debug|Any CPU.ActiveCfg = Debug|Any CPU
		{FAADD62A-0CAD-43AE-9A0F-B679EF91DCFE}.Debug|Any CPU.Build.0 = Debug|Any CPU
		{FAADD62A-0CAD-43AE-9A0F-B679EF91DCFE}.Debug|x64.ActiveCfg = Debug|Any CPU
		{FAADD62A-0CAD-43AE-9A0F-B679EF91DCFE}.Debug|x64.Build.0 = Debug|Any CPU
		{FAADD62A-0CAD-43AE-9A0F-B679EF91DCFE}.Debug|x86.ActiveCfg = Debug|Any CPU
		{FAADD62A-0CAD-43AE-9A0F-B679EF91DCFE}.Debug|x86.Build.0 = Debug|Any CPU
		{FAADD62A-0CAD-43AE-9A0F-B679EF91DCFE}.Release|Any CPU.ActiveCfg = Release|Any CPU
		{FAADD62A-0CAD-43AE-9A0F-B679EF91DCFE}.Release|Any CPU.Build.0 = Release|Any CPU
		{FAADD62A-0CAD-43AE-9A0F-B679EF91DCFE}.Release|x64.ActiveCfg = Release|Any CPU
		{FAADD62A-0CAD-43AE-9A0F-B679EF91DCFE}.Release|x64.Build.0 = Release|Any CPU
		{FAADD62A-0CAD-43AE-9A0F-B679EF91DCFE}.Release|x86.ActiveCfg = Release|Any CPU
		{FAADD62A-0CAD-43AE-9A0F-B679EF91DCFE}.Release|x86.Build.0 = Release|Any CPU
		{0508E1CB-952D-4505-AEF3-97E4FC6DF1C2}.Debug|Any CPU.ActiveCfg = Debug|Any CPU
		{0508E1CB-952D-4505-AEF3-97E4FC6DF1C2}.Debug|Any CPU.Build.0 = Debug|Any CPU
		{0508E1CB-952D-4505-AEF3-97E4FC6DF1C2}.Debug|x64.ActiveCfg = Debug|Any CPU
		{0508E1CB-952D-4505-AEF3-97E4FC6DF1C2}.Debug|x64.Build.0 = Debug|Any CPU
		{0508E1CB-952D-4505-AEF3-97E4FC6DF1C2}.Debug|x86.ActiveCfg = Debug|Any CPU
		{0508E1CB-952D-4505-AEF3-97E4FC6DF1C2}.Debug|x86.Build.0 = Debug|Any CPU
		{0508E1CB-952D-4505-AEF3-97E4FC6DF1C2}.Release|Any CPU.ActiveCfg = Release|Any CPU
		{0508E1CB-952D-4505-AEF3-97E4FC6DF1C2}.Release|Any CPU.Build.0 = Release|Any CPU
		{0508E1CB-952D-4505-AEF3-97E4FC6DF1C2}.Release|x64.ActiveCfg = Release|Any CPU
		{0508E1CB-952D-4505-AEF3-97E4FC6DF1C2}.Release|x64.Build.0 = Release|Any CPU
		{0508E1CB-952D-4505-AEF3-97E4FC6DF1C2}.Release|x86.ActiveCfg = Release|Any CPU
		{0508E1CB-952D-4505-AEF3-97E4FC6DF1C2}.Release|x86.Build.0 = Release|Any CPU
		{9E485AD5-EC23-441A-8B89-07F7A31DA998}.Debug|Any CPU.ActiveCfg = Debug|Any CPU
		{9E485AD5-EC23-441A-8B89-07F7A31DA998}.Debug|Any CPU.Build.0 = Debug|Any CPU
		{9E485AD5-EC23-441A-8B89-07F7A31DA998}.Debug|x64.ActiveCfg = Debug|Any CPU
		{9E485AD5-EC23-441A-8B89-07F7A31DA998}.Debug|x64.Build.0 = Debug|Any CPU
		{9E485AD5-EC23-441A-8B89-07F7A31DA998}.Debug|x86.ActiveCfg = Debug|Any CPU
		{9E485AD5-EC23-441A-8B89-07F7A31DA998}.Debug|x86.Build.0 = Debug|Any CPU
		{9E485AD5-EC23-441A-8B89-07F7A31DA998}.Release|Any CPU.ActiveCfg = Release|Any CPU
		{9E485AD5-EC23-441A-8B89-07F7A31DA998}.Release|Any CPU.Build.0 = Release|Any CPU
		{9E485AD5-EC23-441A-8B89-07F7A31DA998}.Release|x64.ActiveCfg = Release|Any CPU
		{9E485AD5-EC23-441A-8B89-07F7A31DA998}.Release|x64.Build.0 = Release|Any CPU
		{9E485AD5-EC23-441A-8B89-07F7A31DA998}.Release|x86.ActiveCfg = Release|Any CPU
		{9E485AD5-EC23-441A-8B89-07F7A31DA998}.Release|x86.Build.0 = Release|Any CPU
		{1A7D11BF-4AAB-49D2-A607-6CED208F8DD6}.Debug|Any CPU.ActiveCfg = Debug|Any CPU
		{1A7D11BF-4AAB-49D2-A607-6CED208F8DD6}.Debug|Any CPU.Build.0 = Debug|Any CPU
		{1A7D11BF-4AAB-49D2-A607-6CED208F8DD6}.Debug|x64.ActiveCfg = Debug|Any CPU
		{1A7D11BF-4AAB-49D2-A607-6CED208F8DD6}.Debug|x64.Build.0 = Debug|Any CPU
		{1A7D11BF-4AAB-49D2-A607-6CED208F8DD6}.Debug|x86.ActiveCfg = Debug|Any CPU
		{1A7D11BF-4AAB-49D2-A607-6CED208F8DD6}.Debug|x86.Build.0 = Debug|Any CPU
		{1A7D11BF-4AAB-49D2-A607-6CED208F8DD6}.Release|Any CPU.ActiveCfg = Release|Any CPU
		{1A7D11BF-4AAB-49D2-A607-6CED208F8DD6}.Release|Any CPU.Build.0 = Release|Any CPU
		{1A7D11BF-4AAB-49D2-A607-6CED208F8DD6}.Release|x64.ActiveCfg = Release|Any CPU
		{1A7D11BF-4AAB-49D2-A607-6CED208F8DD6}.Release|x64.Build.0 = Release|Any CPU
		{1A7D11BF-4AAB-49D2-A607-6CED208F8DD6}.Release|x86.ActiveCfg = Release|Any CPU
		{1A7D11BF-4AAB-49D2-A607-6CED208F8DD6}.Release|x86.Build.0 = Release|Any CPU
		{0C8C55B3-7D3C-4498-A9C4-6CD0031D5AE2}.Debug|Any CPU.ActiveCfg = Debug|Any CPU
		{0C8C55B3-7D3C-4498-A9C4-6CD0031D5AE2}.Debug|Any CPU.Build.0 = Debug|Any CPU
		{0C8C55B3-7D3C-4498-A9C4-6CD0031D5AE2}.Debug|x64.ActiveCfg = Debug|Any CPU
		{0C8C55B3-7D3C-4498-A9C4-6CD0031D5AE2}.Debug|x64.Build.0 = Debug|Any CPU
		{0C8C55B3-7D3C-4498-A9C4-6CD0031D5AE2}.Debug|x86.ActiveCfg = Debug|Any CPU
		{0C8C55B3-7D3C-4498-A9C4-6CD0031D5AE2}.Debug|x86.Build.0 = Debug|Any CPU
		{0C8C55B3-7D3C-4498-A9C4-6CD0031D5AE2}.Release|Any CPU.ActiveCfg = Release|Any CPU
		{0C8C55B3-7D3C-4498-A9C4-6CD0031D5AE2}.Release|Any CPU.Build.0 = Release|Any CPU
		{0C8C55B3-7D3C-4498-A9C4-6CD0031D5AE2}.Release|x64.ActiveCfg = Release|Any CPU
		{0C8C55B3-7D3C-4498-A9C4-6CD0031D5AE2}.Release|x64.Build.0 = Release|Any CPU
		{0C8C55B3-7D3C-4498-A9C4-6CD0031D5AE2}.Release|x86.ActiveCfg = Release|Any CPU
		{0C8C55B3-7D3C-4498-A9C4-6CD0031D5AE2}.Release|x86.Build.0 = Release|Any CPU
		{9230DBB2-0C79-4264-8F32-FCB6A36D80D3}.Debug|Any CPU.ActiveCfg = Debug|Any CPU
		{9230DBB2-0C79-4264-8F32-FCB6A36D80D3}.Debug|Any CPU.Build.0 = Debug|Any CPU
		{9230DBB2-0C79-4264-8F32-FCB6A36D80D3}.Debug|x64.ActiveCfg = Debug|Any CPU
		{9230DBB2-0C79-4264-8F32-FCB6A36D80D3}.Debug|x64.Build.0 = Debug|Any CPU
		{9230DBB2-0C79-4264-8F32-FCB6A36D80D3}.Debug|x86.ActiveCfg = Debug|Any CPU
		{9230DBB2-0C79-4264-8F32-FCB6A36D80D3}.Debug|x86.Build.0 = Debug|Any CPU
		{9230DBB2-0C79-4264-8F32-FCB6A36D80D3}.Release|Any CPU.ActiveCfg = Release|Any CPU
		{9230DBB2-0C79-4264-8F32-FCB6A36D80D3}.Release|Any CPU.Build.0 = Release|Any CPU
		{9230DBB2-0C79-4264-8F32-FCB6A36D80D3}.Release|x64.ActiveCfg = Release|Any CPU
		{9230DBB2-0C79-4264-8F32-FCB6A36D80D3}.Release|x64.Build.0 = Release|Any CPU
		{9230DBB2-0C79-4264-8F32-FCB6A36D80D3}.Release|x86.ActiveCfg = Release|Any CPU
		{9230DBB2-0C79-4264-8F32-FCB6A36D80D3}.Release|x86.Build.0 = Release|Any CPU
		{0ECA2ED1-E4B0-4EAD-8122-0545516FAC36}.Debug|Any CPU.ActiveCfg = Debug|Any CPU
		{0ECA2ED1-E4B0-4EAD-8122-0545516FAC36}.Debug|Any CPU.Build.0 = Debug|Any CPU
		{0ECA2ED1-E4B0-4EAD-8122-0545516FAC36}.Debug|x64.ActiveCfg = Debug|Any CPU
		{0ECA2ED1-E4B0-4EAD-8122-0545516FAC36}.Debug|x64.Build.0 = Debug|Any CPU
		{0ECA2ED1-E4B0-4EAD-8122-0545516FAC36}.Debug|x86.ActiveCfg = Debug|Any CPU
		{0ECA2ED1-E4B0-4EAD-8122-0545516FAC36}.Debug|x86.Build.0 = Debug|Any CPU
		{0ECA2ED1-E4B0-4EAD-8122-0545516FAC36}.Release|Any CPU.ActiveCfg = Release|Any CPU
		{0ECA2ED1-E4B0-4EAD-8122-0545516FAC36}.Release|Any CPU.Build.0 = Release|Any CPU
		{0ECA2ED1-E4B0-4EAD-8122-0545516FAC36}.Release|x64.ActiveCfg = Release|Any CPU
		{0ECA2ED1-E4B0-4EAD-8122-0545516FAC36}.Release|x64.Build.0 = Release|Any CPU
		{0ECA2ED1-E4B0-4EAD-8122-0545516FAC36}.Release|x86.ActiveCfg = Release|Any CPU
		{0ECA2ED1-E4B0-4EAD-8122-0545516FAC36}.Release|x86.Build.0 = Release|Any CPU
		{E8141AEF-B3C6-43B1-9845-052446AF27EF}.Debug|Any CPU.ActiveCfg = Debug|Any CPU
		{E8141AEF-B3C6-43B1-9845-052446AF27EF}.Debug|Any CPU.Build.0 = Debug|Any CPU
		{E8141AEF-B3C6-43B1-9845-052446AF27EF}.Debug|x64.ActiveCfg = Debug|Any CPU
		{E8141AEF-B3C6-43B1-9845-052446AF27EF}.Debug|x64.Build.0 = Debug|Any CPU
		{E8141AEF-B3C6-43B1-9845-052446AF27EF}.Debug|x86.ActiveCfg = Debug|Any CPU
		{E8141AEF-B3C6-43B1-9845-052446AF27EF}.Debug|x86.Build.0 = Debug|Any CPU
		{E8141AEF-B3C6-43B1-9845-052446AF27EF}.Release|Any CPU.ActiveCfg = Release|Any CPU
		{E8141AEF-B3C6-43B1-9845-052446AF27EF}.Release|Any CPU.Build.0 = Release|Any CPU
		{E8141AEF-B3C6-43B1-9845-052446AF27EF}.Release|x64.ActiveCfg = Release|Any CPU
		{E8141AEF-B3C6-43B1-9845-052446AF27EF}.Release|x64.Build.0 = Release|Any CPU
		{E8141AEF-B3C6-43B1-9845-052446AF27EF}.Release|x86.ActiveCfg = Release|Any CPU
		{E8141AEF-B3C6-43B1-9845-052446AF27EF}.Release|x86.Build.0 = Release|Any CPU
		{37EC695C-DDEA-49CE-BEDF-36BC246AEA92}.Debug|Any CPU.ActiveCfg = Debug|Any CPU
		{37EC695C-DDEA-49CE-BEDF-36BC246AEA92}.Debug|Any CPU.Build.0 = Debug|Any CPU
		{37EC695C-DDEA-49CE-BEDF-36BC246AEA92}.Debug|x64.ActiveCfg = Debug|Any CPU
		{37EC695C-DDEA-49CE-BEDF-36BC246AEA92}.Debug|x64.Build.0 = Debug|Any CPU
		{37EC695C-DDEA-49CE-BEDF-36BC246AEA92}.Debug|x86.ActiveCfg = Debug|Any CPU
		{37EC695C-DDEA-49CE-BEDF-36BC246AEA92}.Debug|x86.Build.0 = Debug|Any CPU
		{37EC695C-DDEA-49CE-BEDF-36BC246AEA92}.Release|Any CPU.ActiveCfg = Release|Any CPU
		{37EC695C-DDEA-49CE-BEDF-36BC246AEA92}.Release|Any CPU.Build.0 = Release|Any CPU
		{37EC695C-DDEA-49CE-BEDF-36BC246AEA92}.Release|x64.ActiveCfg = Release|Any CPU
		{37EC695C-DDEA-49CE-BEDF-36BC246AEA92}.Release|x64.Build.0 = Release|Any CPU
		{37EC695C-DDEA-49CE-BEDF-36BC246AEA92}.Release|x86.ActiveCfg = Release|Any CPU
		{37EC695C-DDEA-49CE-BEDF-36BC246AEA92}.Release|x86.Build.0 = Release|Any CPU
		{95BC931A-2F6B-43A2-B0D5-379F12FF04EA}.Debug|Any CPU.ActiveCfg = Debug|Any CPU
		{95BC931A-2F6B-43A2-B0D5-379F12FF04EA}.Debug|Any CPU.Build.0 = Debug|Any CPU
		{95BC931A-2F6B-43A2-B0D5-379F12FF04EA}.Debug|x64.ActiveCfg = Debug|Any CPU
		{95BC931A-2F6B-43A2-B0D5-379F12FF04EA}.Debug|x64.Build.0 = Debug|Any CPU
		{95BC931A-2F6B-43A2-B0D5-379F12FF04EA}.Debug|x86.ActiveCfg = Debug|Any CPU
		{95BC931A-2F6B-43A2-B0D5-379F12FF04EA}.Debug|x86.Build.0 = Debug|Any CPU
		{95BC931A-2F6B-43A2-B0D5-379F12FF04EA}.Release|Any CPU.ActiveCfg = Release|Any CPU
		{95BC931A-2F6B-43A2-B0D5-379F12FF04EA}.Release|Any CPU.Build.0 = Release|Any CPU
		{95BC931A-2F6B-43A2-B0D5-379F12FF04EA}.Release|x64.ActiveCfg = Release|Any CPU
		{95BC931A-2F6B-43A2-B0D5-379F12FF04EA}.Release|x64.Build.0 = Release|Any CPU
		{95BC931A-2F6B-43A2-B0D5-379F12FF04EA}.Release|x86.ActiveCfg = Release|Any CPU
		{95BC931A-2F6B-43A2-B0D5-379F12FF04EA}.Release|x86.Build.0 = Release|Any CPU
		{FEB009F8-5F73-4AAB-BF70-459E73E1A7C8}.Debug|Any CPU.ActiveCfg = Debug|Any CPU
		{FEB009F8-5F73-4AAB-BF70-459E73E1A7C8}.Debug|Any CPU.Build.0 = Debug|Any CPU
		{FEB009F8-5F73-4AAB-BF70-459E73E1A7C8}.Debug|x64.ActiveCfg = Debug|Any CPU
		{FEB009F8-5F73-4AAB-BF70-459E73E1A7C8}.Debug|x64.Build.0 = Debug|Any CPU
		{FEB009F8-5F73-4AAB-BF70-459E73E1A7C8}.Debug|x86.ActiveCfg = Debug|Any CPU
		{FEB009F8-5F73-4AAB-BF70-459E73E1A7C8}.Debug|x86.Build.0 = Debug|Any CPU
		{FEB009F8-5F73-4AAB-BF70-459E73E1A7C8}.Release|Any CPU.ActiveCfg = Release|Any CPU
		{FEB009F8-5F73-4AAB-BF70-459E73E1A7C8}.Release|Any CPU.Build.0 = Release|Any CPU
		{FEB009F8-5F73-4AAB-BF70-459E73E1A7C8}.Release|x64.ActiveCfg = Release|Any CPU
		{FEB009F8-5F73-4AAB-BF70-459E73E1A7C8}.Release|x64.Build.0 = Release|Any CPU
		{FEB009F8-5F73-4AAB-BF70-459E73E1A7C8}.Release|x86.ActiveCfg = Release|Any CPU
		{FEB009F8-5F73-4AAB-BF70-459E73E1A7C8}.Release|x86.Build.0 = Release|Any CPU
		{A5D540CA-93B2-4B8D-A211-F5B8163C2384}.Debug|Any CPU.ActiveCfg = Debug|Any CPU
		{A5D540CA-93B2-4B8D-A211-F5B8163C2384}.Debug|Any CPU.Build.0 = Debug|Any CPU
		{A5D540CA-93B2-4B8D-A211-F5B8163C2384}.Debug|x64.ActiveCfg = Debug|Any CPU
		{A5D540CA-93B2-4B8D-A211-F5B8163C2384}.Debug|x64.Build.0 = Debug|Any CPU
		{A5D540CA-93B2-4B8D-A211-F5B8163C2384}.Debug|x86.ActiveCfg = Debug|Any CPU
		{A5D540CA-93B2-4B8D-A211-F5B8163C2384}.Debug|x86.Build.0 = Debug|Any CPU
		{A5D540CA-93B2-4B8D-A211-F5B8163C2384}.Release|Any CPU.ActiveCfg = Release|Any CPU
		{A5D540CA-93B2-4B8D-A211-F5B8163C2384}.Release|Any CPU.Build.0 = Release|Any CPU
		{A5D540CA-93B2-4B8D-A211-F5B8163C2384}.Release|x64.ActiveCfg = Release|Any CPU
		{A5D540CA-93B2-4B8D-A211-F5B8163C2384}.Release|x64.Build.0 = Release|Any CPU
		{A5D540CA-93B2-4B8D-A211-F5B8163C2384}.Release|x86.ActiveCfg = Release|Any CPU
		{A5D540CA-93B2-4B8D-A211-F5B8163C2384}.Release|x86.Build.0 = Release|Any CPU
	EndGlobalSection
	GlobalSection(SolutionProperties) = preSolution
		HideSolutionNode = FALSE
	EndGlobalSection
	GlobalSection(ExtensibilityGlobals) = postSolution
		SolutionGuid = {39EE34C4-07DB-4237-BD0F-F1F2231D7E41}
	EndGlobalSection
EndGlobal
